
Microsoft Visual Studio Solution File, Format Version 12.00
# Visual Studio Version 16
VisualStudioVersion = 16.0.31702.278
MinimumVisualStudioVersion = 10.0.40219.1
Project("{9A19103F-16F7-4668-BE54-9A1E7A4F7556}") = "Task2", "Task2.csproj", "{59E30E52-43C7-4AF2-8C4C-A6EBBEAAEA07}"
EndProject
Project("{FAE04EC0-301F-11D3-BF4B-00C04F79EFBC}") = "Task3", "..\Task3\Task3.csproj", "{53D36985-B94A-42F7-9D65-70F5F104BC3E}"
EndProject
Global
	GlobalSection(SolutionConfigurationPlatforms) = preSolution
		Debug|Any CPU = Debug|Any CPU
		Release|Any CPU = Release|Any CPU
	EndGlobalSection
	GlobalSection(ProjectConfigurationPlatforms) = postSolution
		{59E30E52-43C7-4AF2-8C4C-A6EBBEAAEA07}.Debug|Any CPU.ActiveCfg = Debug|Any CPU
		{59E30E52-43C7-4AF2-8C4C-A6EBBEAAEA07}.Debug|Any CPU.Build.0 = Debug|Any CPU
		{59E30E52-43C7-4AF2-8C4C-A6EBBEAAEA07}.Release|Any CPU.ActiveCfg = Release|Any CPU
		{59E30E52-43C7-4AF2-8C4C-A6EBBEAAEA07}.Release|Any CPU.Build.0 = Release|Any CPU
		{53D36985-B94A-42F7-9D65-70F5F104BC3E}.Debug|Any CPU.ActiveCfg = Debug|Any CPU
		{53D36985-B94A-42F7-9D65-70F5F104BC3E}.Debug|Any CPU.Build.0 = Debug|Any CPU
		{53D36985-B94A-42F7-9D65-70F5F104BC3E}.Release|Any CPU.ActiveCfg = Release|Any CPU
		{53D36985-B94A-42F7-9D65-70F5F104BC3E}.Release|Any CPU.Build.0 = Release|Any CPU
	EndGlobalSection
	GlobalSection(SolutionProperties) = preSolution
		HideSolutionNode = FALSE
	EndGlobalSection
	GlobalSection(ExtensibilityGlobals) = postSolution
		SolutionGuid = {3058B68C-BCAA-4786-AE8E-6E6D7FFF330F}
	EndGlobalSection
EndGlobal
